
Microsoft Visual Studio Solution File, Format Version 12.00
# Visual Studio Version 17
VisualStudioVersion = 17.5.002.0
MinimumVisualStudioVersion = 10.0.40219.1
Project("{9A19103F-16F7-4668-BE54-9A1E7A4F7556}") = "LeetCodeExercises", "LeetCodeExercises.csproj", "{25449A9B-88DE-473F-A581-F78D6F32D949}"
EndProject
Global
	GlobalSection(SolutionConfigurationPlatforms) = preSolution
		Debug|Any CPU = Debug|Any CPU
		Release|Any CPU = Release|Any CPU
	EndGlobalSection
	GlobalSection(ProjectConfigurationPlatforms) = postSolution
		{25449A9B-88DE-473F-A581-F78D6F32D949}.Debug|Any CPU.ActiveCfg = Debug|Any CPU
		{25449A9B-88DE-473F-A581-F78D6F32D949}.Debug|Any CPU.Build.0 = Debug|Any CPU
		{25449A9B-88DE-473F-A581-F78D6F32D949}.Release|Any CPU.ActiveCfg = Release|Any CPU
		{25449A9B-88DE-473F-A581-F78D6F32D949}.Release|Any CPU.Build.0 = Release|Any CPU
	EndGlobalSection
	GlobalSection(SolutionProperties) = preSolution
		HideSolutionNode = FALSE
	EndGlobalSection
	GlobalSection(ExtensibilityGlobals) = postSolution
		SolutionGuid = {37B1281A-3696-44CA-9859-8A7739BB0FA2}
	EndGlobalSection
EndGlobal
